
Microsoft Visual Studio Solution File, Format Version 12.00
# Visual Studio Version 16
VisualStudioVersion = 16.0.31112.23
MinimumVisualStudioVersion = 10.0.40219.1
Project("{FAE04EC0-301F-11D3-BF4B-00C04F79EFBC}") = "yoneticigiris", "yoneticigiris\yoneticigiris.csproj", "{BB46A78A-CB77-4FF6-99E2-87559E770AED}"
EndProject
Global
	GlobalSection(SolutionConfigurationPlatforms) = preSolution
		Debug|Any CPU = Debug|Any CPU
		Release|Any CPU = Release|Any CPU
	EndGlobalSection
	GlobalSection(ProjectConfigurationPlatforms) = postSolution
		{BB46A78A-CB77-4FF6-99E2-87559E770AED}.Debug|Any CPU.ActiveCfg = Debug|Any CPU
		{BB46A78A-CB77-4FF6-99E2-87559E770AED}.Debug|Any CPU.Build.0 = Debug|Any CPU
		{BB46A78A-CB77-4FF6-99E2-87559E770AED}.Release|Any CPU.ActiveCfg = Release|Any CPU
		{BB46A78A-CB77-4FF6-99E2-87559E770AED}.Release|Any CPU.Build.0 = Release|Any CPU
	EndGlobalSection
	GlobalSection(SolutionProperties) = preSolution
		HideSolutionNode = FALSE
	EndGlobalSection
	GlobalSection(ExtensibilityGlobals) = postSolution
		SolutionGuid = {64DBB5AF-BCA0-4AC5-9D08-29261C580C2C}
	EndGlobalSection
EndGlobal
